// !$*UTF8*$!
{
	archiveVersion = 1;
	classes = {
	};
	objectVersion = 48;
	objects = {

/* Begin PBXBuildFile section */
		8D3F151520579470009E1A2B /* AppDelegate.m in Sources */ = {isa = PBXBuildFile; fileRef = 8D3F151420579470009E1A2B /* AppDelegate.m */; };
		8D3F151820579470009E1A2B /* ViewController.m in Sources */ = {isa = PBXBuildFile; fileRef = 8D3F151720579470009E1A2B /* ViewController.m */; };
		8D3F151B20579470009E1A2B /* Main.storyboard in Resources */ = {isa = PBXBuildFile; fileRef = 8D3F151920579470009E1A2B /* Main.storyboard */; };
		8D3F151D20579470009E1A2B /* Assets.xcassets in Resources */ = {isa = PBXBuildFile; fileRef = 8D3F151C20579470009E1A2B /* Assets.xcassets */; };
		8D3F152020579470009E1A2B /* LaunchScreen.storyboard in Resources */ = {isa = PBXBuildFile; fileRef = 8D3F151E20579470009E1A2B /* LaunchScreen.storyboard */; };
		8D3F152320579470009E1A2B /* main.m in Sources */ = {isa = PBXBuildFile; fileRef = 8D3F152220579470009E1A2B /* main.m */; };
		8D3F157B205C1E0A009E1A2B /* NSObject+Swizzle.m in Sources */ = {isa = PBXBuildFile; fileRef = 8D3F156F205C1E0A009E1A2B /* NSObject+Swizzle.m */; };
		8D3F157C205C1E0A009E1A2B /* NSDictionary+Additions.m in Sources */ = {isa = PBXBuildFile; fileRef = 8D3F1570205C1E0A009E1A2B /* NSDictionary+Additions.m */; };
		8D3F157D205C1E0A009E1A2B /* NSDate+Additions.m in Sources */ = {isa = PBXBuildFile; fileRef = 8D3F1571205C1E0A009E1A2B /* NSDate+Additions.m */; };
		8D3F157E205C1E0A009E1A2B /* NSString+Additions.m in Sources */ = {isa = PBXBuildFile; fileRef = 8D3F1572205C1E0A009E1A2B /* NSString+Additions.m */; };
		8D3F157F205C1E0A009E1A2B /* UIView+Additions.m in Sources */ = {isa = PBXBuildFile; fileRef = 8D3F1573205C1E0A009E1A2B /* UIView+Additions.m */; };
		8D3F1580205C1E0A009E1A2B /* NSArray+Categories.m in Sources */ = {isa = PBXBuildFile; fileRef = 8D3F1574205C1E0A009E1A2B /* NSArray+Categories.m */; };
/* End PBXBuildFile section */

/* Begin PBXFileReference section */
		8D3F151020579470009E1A2B /* LTCategory.app */ = {isa = PBXFileReference; explicitFileType = wrapper.application; includeInIndex = 0; path = LTCategory.app; sourceTree = BUILT_PRODUCTS_DIR; };
		8D3F151320579470009E1A2B /* AppDelegate.h */ = {isa = PBXFileReference; lastKnownFileType = sourcecode.c.h; path = AppDelegate.h; sourceTree = "<group>"; };
		8D3F151420579470009E1A2B /* AppDelegate.m */ = {isa = PBXFileReference; lastKnownFileType = sourcecode.c.objc; path = AppDelegate.m; sourceTree = "<group>"; };
		8D3F151620579470009E1A2B /* ViewController.h */ = {isa = PBXFileReference; lastKnownFileType = sourcecode.c.h; path = ViewController.h; sourceTree = "<group>"; };
		8D3F151720579470009E1A2B /* ViewController.m */ = {isa = PBXFileReference; lastKnownFileType = sourcecode.c.objc; path = ViewController.m; sourceTree = "<group>"; };
		8D3F151A20579470009E1A2B /* Base */ = {isa = PBXFileReference; lastKnownFileType = file.storyboard; name = Base; path = Base.lproj/Main.storyboard; sourceTree = "<group>"; };
		8D3F151C20579470009E1A2B /* Assets.xcassets */ = {isa = PBXFileReference; lastKnownFileType = folder.assetcatalog; path = Assets.xcassets; sourceTree = "<group>"; };
		8D3F151F20579470009E1A2B /* Base */ = {isa = PBXFileReference; lastKnownFileType = file.storyboard; name = Base; path = Base.lproj/LaunchScreen.storyboard; sourceTree = "<group>"; };
		8D3F152120579470009E1A2B /* Info.plist */ = {isa = PBXFileReference; lastKnownFileType = text.plist.xml; path = Info.plist; sourceTree = "<group>"; };
		8D3F152220579470009E1A2B /* main.m */ = {isa = PBXFileReference; lastKnownFileType = sourcecode.c.objc; path = main.m; sourceTree = "<group>"; };
		8D3F156F205C1E0A009E1A2B /* NSObject+Swizzle.m */ = {isa = PBXFileReference; fileEncoding = 4; lastKnownFileType = sourcecode.c.objc; path = "NSObject+Swizzle.m"; sourceTree = "<group>"; };
		8D3F1570205C1E0A009E1A2B /* NSDictionary+Additions.m */ = {isa = PBXFileReference; fileEncoding = 4; lastKnownFileType = sourcecode.c.objc; path = "NSDictionary+Additions.m"; sourceTree = "<group>"; };
		8D3F1571205C1E0A009E1A2B /* NSDate+Additions.m */ = {isa = PBXFileReference; fileEncoding = 4; lastKnownFileType = sourcecode.c.objc; path = "NSDate+Additions.m"; sourceTree = "<group>"; };
		8D3F1572205C1E0A009E1A2B /* NSString+Additions.m */ = {isa = PBXFileReference; fileEncoding = 4; lastKnownFileType = sourcecode.c.objc; path = "NSString+Additions.m"; sourceTree = "<group>"; };
		8D3F1573205C1E0A009E1A2B /* UIView+Additions.m */ = {isa = PBXFileReference; fileEncoding = 4; lastKnownFileType = sourcecode.c.objc; path = "UIView+Additions.m"; sourceTree = "<group>"; };
		8D3F1574205C1E0A009E1A2B /* NSArray+Categories.m */ = {isa = PBXFileReference; fileEncoding = 4; lastKnownFileType = sourcecode.c.objc; path = "NSArray+Categories.m"; sourceTree = "<group>"; };
		8D3F1575205C1E0A009E1A2B /* NSObject+Swizzle.h */ = {isa = PBXFileReference; fileEncoding = 4; lastKnownFileType = sourcecode.c.h; path = "NSObject+Swizzle.h"; sourceTree = "<group>"; };
		8D3F1576205C1E0A009E1A2B /* NSDictionary+Additions.h */ = {isa = PBXFileReference; fileEncoding = 4; lastKnownFileType = sourcecode.c.h; path = "NSDictionary+Additions.h"; sourceTree = "<group>"; };
		8D3F1577205C1E0A009E1A2B /* NSString+Additions.h */ = {isa = PBXFileReference; fileEncoding = 4; lastKnownFileType = sourcecode.c.h; path = "NSString+Additions.h"; sourceTree = "<group>"; };
		8D3F1578205C1E0A009E1A2B /* NSDate+Additions.h */ = {isa = PBXFileReference; fileEncoding = 4; lastKnownFileType = sourcecode.c.h; path = "NSDate+Additions.h"; sourceTree = "<group>"; };
		8D3F1579205C1E0A009E1A2B /* UIView+Additions.h */ = {isa = PBXFileReference; fileEncoding = 4; lastKnownFileType = sourcecode.c.h; path = "UIView+Additions.h"; sourceTree = "<group>"; };
		8D3F157A205C1E0A009E1A2B /* NSArray+Categories.h */ = {isa = PBXFileReference; fileEncoding = 4; lastKnownFileType = sourcecode.c.h; path = "NSArray+Categories.h"; sourceTree = "<group>"; };
/* End PBXFileReference section */

/* Begin PBXFrameworksBuildPhase section */
		8D3F150D20579470009E1A2B /* Frameworks */ = {
			isa = PBXFrameworksBuildPhase;
			buildActionMask = 2147483647;
			files = (
			);
			runOnlyForDeploymentPostprocessing = 0;
		};
/* End PBXFrameworksBuildPhase section */

/* Begin PBXGroup section */
		8D3F150720579470009E1A2B = {
			isa = PBXGroup;
			children = (
				8D3F151220579470009E1A2B /* LTCategory */,
				8D3F151120579470009E1A2B /* Products */,
			);
			sourceTree = "<group>";
		};
		8D3F151120579470009E1A2B /* Products */ = {
			isa = PBXGroup;
			children = (
				8D3F151020579470009E1A2B /* LTCategory.app */,
			);
			name = Products;
			sourceTree = "<group>";
		};
		8D3F151220579470009E1A2B /* LTCategory */ = {
			isa = PBXGroup;
			children = (
				8D3F156E205C1E0A009E1A2B /* LTCategoryFolder */,
				8D3F151320579470009E1A2B /* AppDelegate.h */,
				8D3F151420579470009E1A2B /* AppDelegate.m */,
				8D3F151620579470009E1A2B /* ViewController.h */,
				8D3F151720579470009E1A2B /* ViewController.m */,
				8D3F151920579470009E1A2B /* Main.storyboard */,
				8D3F151C20579470009E1A2B /* Assets.xcassets */,
				8D3F151E20579470009E1A2B /* LaunchScreen.storyboard */,
				8D3F152120579470009E1A2B /* Info.plist */,
				8D3F152220579470009E1A2B /* main.m */,
			);
			path = LTCategory;
			sourceTree = "<group>";
		};
		8D3F156E205C1E0A009E1A2B /* LTCategoryFolder */ = {
			isa = PBXGroup;
			children = (
				8D3F156F205C1E0A009E1A2B /* NSObject+Swizzle.m */,
				8D3F1570205C1E0A009E1A2B /* NSDictionary+Additions.m */,
				8D3F1571205C1E0A009E1A2B /* NSDate+Additions.m */,
				8D3F1572205C1E0A009E1A2B /* NSString+Additions.m */,
				8D3F1573205C1E0A009E1A2B /* UIView+Additions.m */,
				8D3F1574205C1E0A009E1A2B /* NSArray+Categories.m */,
				8D3F1575205C1E0A009E1A2B /* NSObject+Swizzle.h */,
				8D3F1576205C1E0A009E1A2B /* NSDictionary+Additions.h */,
				8D3F1577205C1E0A009E1A2B /* NSString+Additions.h */,
				8D3F1578205C1E0A009E1A2B /* NSDate+Additions.h */,
				8D3F1579205C1E0A009E1A2B /* UIView+Additions.h */,
				8D3F157A205C1E0A009E1A2B /* NSArray+Categories.h */,
			);
			path = LTCategoryFolder;
			sourceTree = SOURCE_ROOT;
		};
/* End PBXGroup section */

/* Begin PBXNativeTarget section */
		8D3F150F20579470009E1A2B /* LTCategory */ = {
			isa = PBXNativeTarget;
			buildConfigurationList = 8D3F152620579470009E1A2B /* Build configuration list for PBXNativeTarget "LTCategory" */;
			buildPhases = (
				8D3F150C20579470009E1A2B /* Sources */,
				8D3F150D20579470009E1A2B /* Frameworks */,
				8D3F150E20579470009E1A2B /* Resources */,
			);
			buildRules = (
			);
			dependencies = (
			);
			name = LTCategory;
			productName = LTCategory;
			productReference = 8D3F151020579470009E1A2B /* LTCategory.app */;
			productType = "com.apple.product-type.application";
		};
/* End PBXNativeTarget section */

/* Begin PBXProject section */
		8D3F150820579470009E1A2B /* Project object */ = {
			isa = PBXProject;
			attributes = {
				LastUpgradeCheck = 0920;
				ORGANIZATIONNAME = com.lyrmlt.www;
				TargetAttributes = {
					8D3F150F20579470009E1A2B = {
						CreatedOnToolsVersion = 9.2;
						ProvisioningStyle = Automatic;
					};
				};
			};
			buildConfigurationList = 8D3F150B20579470009E1A2B /* Build configuration list for PBXProject "LTCategory" */;
			compatibilityVersion = "Xcode 8.0";
			developmentRegion = en;
			hasScannedForEncodings = 0;
			knownRegions = (
				en,
				Base,
			);
			mainGroup = 8D3F150720579470009E1A2B;
			productRefGroup = 8D3F151120579470009E1A2B /* Products */;
			projectDirPath = "";
			projectRoot = "";
			targets = (
				8D3F150F20579470009E1A2B /* LTCategory */,
			);
		};
/* End PBXProject section */

/* Begin PBXResourcesBuildPhase section */
		8D3F150E20579470009E1A2B /* Resources */ = {
			isa = PBXResourcesBuildPhase;
			buildActionMask = 2147483647;
			files = (
				8D3F152020579470009E1A2B /* LaunchScreen.storyboard in Resources */,
				8D3F151D20579470009E1A2B /* Assets.xcassets in Resources */,
				8D3F151B20579470009E1A2B /* Main.storyboard in Resources */,
			);
			runOnlyForDeploymentPostprocessing = 0;
		};
/* End PBXResourcesBuildPhase section */

/* Begin PBXSourcesBuildPhase section */
		8D3F150C20579470009E1A2B /* Sources */ = {
			isa = PBXSourcesBuildPhase;
			buildActionMask = 2147483647;
			files = (
				8D3F1580205C1E0A009E1A2B /* NSArray+Categories.m in Sources */,
				8D3F157F205C1E0A009E1A2B /* UIView+Additions.m in Sources */,
				8D3F157E205C1E0A009E1A2B /* NSString+Additions.m in Sources */,
				8D3F157D205C1E0A009E1A2B /* NSDate+Additions.m in Sources */,
				8D3F157B205C1E0A009E1A2B /* NSObject+Swizzle.m in Sources */,
				8D3F151820579470009E1A2B /* ViewController.m in Sources */,
				8D3F152320579470009E1A2B /* main.m in Sources */,
				8D3F157C205C1E0A009E1A2B /* NSDictionary+Additions.m in Sources */,
				8D3F151520579470009E1A2B /* AppDelegate.m in Sources */,
			);
			runOnlyForDeploymentPostprocessing = 0;
		};
/* End PBXSourcesBuildPhase section */

/* Begin PBXVariantGroup section */
		8D3F151920579470009E1A2B /* Main.storyboard */ = {
			isa = PBXVariantGroup;
			children = (
				8D3F151A20579470009E1A2B /* Base */,
			);
			name = Main.storyboard;
			sourceTree = "<group>";
		};
		8D3F151E20579470009E1A2B /* LaunchScreen.storyboard */ = {
			isa = PBXVariantGroup;
			children = (
				8D3F151F20579470009E1A2B /* Base */,
			);
			name = LaunchScreen.storyboard;
			sourceTree = "<group>";
		};
/* End PBXVariantGroup section */

/* Begin XCBuildConfiguration section */
		8D3F152420579470009E1A2B /* Debug */ = {
			isa = XCBuildConfiguration;
			buildSettings = {
				ALWAYS_SEARCH_USER_PATHS = NO;
				CLANG_ANALYZER_NONNULL = YES;
				CLANG_ANALYZER_NUMBER_OBJECT_CONVERSION = YES_AGGRESSIVE;
				CLANG_CXX_LANGUAGE_STANDARD = "gnu++14";
				CLANG_CXX_LIBRARY = "libc++";
				CLANG_ENABLE_MODULES = YES;
				CLANG_ENABLE_OBJC_ARC = YES;
				CLANG_WARN_BLOCK_CAPTURE_AUTORELEASING = YES;
				CLANG_WARN_BOOL_CONVERSION = YES;
				CLANG_WARN_COMMA = YES;
				CLANG_WARN_CONSTANT_CONVERSION = YES;
				CLANG_WARN_DIRECT_OBJC_ISA_USAGE = YES_ERROR;
				CLANG_WARN_DOCUMENTATION_COMMENTS = YES;
				CLANG_WARN_EMPTY_BODY = YES;
				CLANG_WARN_ENUM_CONVERSION = YES;
				CLANG_WARN_INFINITE_RECURSION = YES;
				CLANG_WARN_INT_CONVERSION = YES;
				CLANG_WARN_NON_LITERAL_NULL_CONVERSION = YES;
				CLANG_WARN_OBJC_LITERAL_CONVERSION = YES;
				CLANG_WARN_OBJC_ROOT_CLASS = YES_ERROR;
				CLANG_WARN_RANGE_LOOP_ANALYSIS = YES;
				CLANG_WARN_STRICT_PROTOTYPES = YES;
				CLANG_WARN_SUSPICIOUS_MOVE = YES;
				CLANG_WARN_UNGUARDED_AVAILABILITY = YES_AGGRESSIVE;
				CLANG_WARN_UNREACHABLE_CODE = YES;
				CLANG_WARN__DUPLICATE_METHOD_MATCH = YES;
				CODE_SIGN_IDENTITY = "iPhone Developer";
				COPY_PHASE_STRIP = NO;
				DEBUG_INFORMATION_FORMAT = dwarf;
				ENABLE_STRICT_OBJC_MSGSEND = YES;
				ENABLE_TESTABILITY = YES;
				GCC_C_LANGUAGE_STANDARD = gnu11;
				GCC_DYNAMIC_NO_PIC = NO;
				GCC_NO_COMMON_BLOCKS = YES;
				GCC_OPTIMIZATION_LEVEL = 0;
				GCC_PREPROCESSOR_DEFINITIONS = (
					"DEBUG=1",
					"$(inherited)",
				);
				GCC_WARN_64_TO_32_BIT_CONVERSION = YES;
				GCC_WARN_ABOUT_RETURN_TYPE = YES_ERROR;
				GCC_WARN_UNDECLARED_SELECTOR = YES;
				GCC_WARN_UNINITIALIZED_AUTOS = YES_AGGRESSIVE;
				GCC_WARN_UNUSED_FUNCTION = YES;
				GCC_WARN_UNUSED_VARIABLE = YES;
				IPHONEOS_DEPLOYMENT_TARGET = 11.2;
				MTL_ENABLE_DEBUG_INFO = YES;
				ONLY_ACTIVE_ARCH = YES;
				SDKROOT = iphoneos;
			};
			name = Debug;
		};
		8D3F152520579470009E1A2B /* Release */ = {
			isa = XCBuildConfiguration;
			buildSettings = {
				ALWAYS_SEARCH_USER_PATHS = NO;
				CLANG_ANALYZER_NONNULL = YES;
				CLANG_ANALYZER_NUMBER_OBJECT_CONVERSION = YES_AGGRESSIVE;
				CLANG_CXX_LANGUAGE_STANDARD = "gnu++14";
				CLANG_CXX_LIBRARY = "libc++";
				CLANG_ENABLE_MODULES = YES;
				CLANG_ENABLE_OBJC_ARC = YES;
				CLANG_WARN_BLOCK_CAPTURE_AUTORELEASING = YES;
				CLANG_WARN_BOOL_CONVERSION = YES;
				CLANG_WARN_COMMA = YES;
				CLANG_WARN_CONSTANT_CONVERSION = YES;
				CLANG_WARN_DIRECT_OBJC_ISA_USAGE = YES_ERROR;
				CLANG_WARN_DOCUMENTATION_COMMENTS = YES;
				CLANG_WARN_EMPTY_BODY = YES;
				CLANG_WARN_ENUM_CONVERSION = YES;
				CLANG_WARN_INFINITE_RECURSION = YES;
				CLANG_WARN_INT_CONVERSION = YES;
				CLANG_WARN_NON_LITERAL_NULL_CONVERSION = YES;
				CLANG_WARN_OBJC_LITERAL_CONVERSION = YES;
				CLANG_WARN_OBJC_ROOT_CLASS = YES_ERROR;
				CLANG_WARN_RANGE_LOOP_ANALYSIS = YES;
				CLANG_WARN_STRICT_PROTOTYPES = YES;
				CLANG_WARN_SUSPICIOUS_MOVE = YES;
				CLANG_WARN_UNGUARDED_AVAILABILITY = YES_AGGRESSIVE;
				CLANG_WARN_UNREACHABLE_CODE = YES;
				CLANG_WARN__DUPLICATE_METHOD_MATCH = YES;
				CODE_SIGN_IDENTITY = "iPhone Developer";
				COPY_PHASE_STRIP = NO;
				DEBUG_INFORMATION_FORMAT = "dwarf-with-dsym";
				ENABLE_NS_ASSERTIONS = NO;
				ENABLE_STRICT_OBJC_MSGSEND = YES;
				GCC_C_LANGUAGE_STANDARD = gnu11;
				GCC_NO_COMMON_BLOCKS = YES;
				GCC_WARN_64_TO_32_BIT_CONVERSION = YES;
				GCC_WARN_ABOUT_RETURN_TYPE = YES_ERROR;
				GCC_WARN_UNDECLARED_SELECTOR = YES;
				GCC_WARN_UNINITIALIZED_AUTOS = YES_AGGRESSIVE;
				GCC_WARN_UNUSED_FUNCTION = YES;
				GCC_WARN_UNUSED_VARIABLE = YES;
				IPHONEOS_DEPLOYMENT_TARGET = 11.2;
				MTL_ENABLE_DEBUG_INFO = NO;
				SDKROOT = iphoneos;
				VALIDATE_PRODUCT = YES;
			};
			name = Release;
		};
		8D3F152720579470009E1A2B /* Debug */ = {
			isa = XCBuildConfiguration;
			buildSettings = {
				ASSETCATALOG_COMPILER_APPICON_NAME = AppIcon;
				CODE_SIGN_STYLE = Automatic;
				DEVELOPMENT_TEAM = 6T4NBF4XM2;
				INFOPLIST_FILE = LTCategory/Info.plist;
				LD_RUNPATH_SEARCH_PATHS = "$(inherited) @executable_path/Frameworks";
				PRODUCT_BUNDLE_IDENTIFIER = com.lrymlt.www.LTCategory;
				PRODUCT_NAME = "$(TARGET_NAME)";
				TARGETED_DEVICE_FAMILY = "1,2";
			};
			name = Debug;
		};
		8D3F152820579470009E1A2B /* Release */ = {
			isa = XCBuildConfiguration;
			buildSettings = {
				ASSETCATALOG_COMPILER_APPICON_NAME = AppIcon;
				CODE_SIGN_STYLE = Automatic;
				DEVELOPMENT_TEAM = 6T4NBF4XM2;
				INFOPLIST_FILE = LTCategory/Info.plist;
				LD_RUNPATH_SEARCH_PATHS = "$(inherited) @executable_path/Frameworks";
				PRODUCT_BUNDLE_IDENTIFIER = com.lrymlt.www.LTCategory;
				PRODUCT_NAME = "$(TARGET_NAME)";
				TARGETED_DEVICE_FAMILY = "1,2";
			};
			name = Release;
		};
/* End XCBuildConfiguration section */

/* Begin XCConfigurationList section */
		8D3F150B20579470009E1A2B /* Build configuration list for PBXProject "LTCategory" */ = {
			isa = XCConfigurationList;
			buildConfigurations = (
				8D3F152420579470009E1A2B /* Debug */,
				8D3F152520579470009E1A2B /* Release */,
			);
			defaultConfigurationIsVisible = 0;
			defaultConfigurationName = Release;
		};
		8D3F152620579470009E1A2B /* Build configuration list for PBXNativeTarget "LTCategory" */ = {
			isa = XCConfigurationList;
			buildConfigurations = (
				8D3F152720579470009E1A2B /* Debug */,
				8D3F152820579470009E1A2B /* Release */,
			);
			defaultConfigurationIsVisible = 0;
			defaultConfigurationName = Release;
		};
/* End XCConfigurationList section */
	};
	rootObject = 8D3F150820579470009E1A2B /* Project object */;
}
